
Microsoft Visual Studio Solution File, Format Version 12.00
# Visual Studio 15
VisualStudioVersion = 15.0.27703.2000
MinimumVisualStudioVersion = 10.0.40219.1
Project("{FAE04EC0-301F-11D3-BF4B-00C04F79EFBC}") = "Task2WebApi", "Task2WebApi\Task2WebApi.csproj", "{C24DC172-D7E1-43A4-B071-F2E710E610D3}"
EndProject
Global
	GlobalSection(SolutionConfigurationPlatforms) = preSolution
		Debug|Any CPU = Debug|Any CPU
		Release|Any CPU = Release|Any CPU
	EndGlobalSection
	GlobalSection(ProjectConfigurationPlatforms) = postSolution
		{C24DC172-D7E1-43A4-B071-F2E710E610D3}.Debug|Any CPU.ActiveCfg = Debug|Any CPU
		{C24DC172-D7E1-43A4-B071-F2E710E610D3}.Debug|Any CPU.Build.0 = Debug|Any CPU
		{C24DC172-D7E1-43A4-B071-F2E710E610D3}.Release|Any CPU.ActiveCfg = Release|Any CPU
		{C24DC172-D7E1-43A4-B071-F2E710E610D3}.Release|Any CPU.Build.0 = Release|Any CPU
	EndGlobalSection
	GlobalSection(SolutionProperties) = preSolution
		HideSolutionNode = FALSE
	EndGlobalSection
	GlobalSection(ExtensibilityGlobals) = postSolution
		SolutionGuid = {9E4162D9-984C-4D26-931A-B74C608492F9}
	EndGlobalSection
EndGlobal
